
Microsoft Visual Studio Solution File, Format Version 12.00
# Visual Studio Version 17
VisualStudioVersion = 17.4.33213.308
MinimumVisualStudioVersion = 10.0.40219.1
Project("{FAE04EC0-301F-11D3-BF4B-00C04F79EFBC}") = "RunLabel", "RunLabel\RunLabel.csproj", "{9ECFB449-7BCF-4EAC-A169-B90D27FA394D}"
EndProject
Global
	GlobalSection(SolutionConfigurationPlatforms) = preSolution
		Debug|Any CPU = Debug|Any CPU
		Release|Any CPU = Release|Any CPU
	EndGlobalSection
	GlobalSection(ProjectConfigurationPlatforms) = postSolution
		{9ECFB449-7BCF-4EAC-A169-B90D27FA394D}.Debug|Any CPU.ActiveCfg = Debug|Any CPU
		{9ECFB449-7BCF-4EAC-A169-B90D27FA394D}.Debug|Any CPU.Build.0 = Debug|Any CPU
		{9ECFB449-7BCF-4EAC-A169-B90D27FA394D}.Release|Any CPU.ActiveCfg = Release|Any CPU
		{9ECFB449-7BCF-4EAC-A169-B90D27FA394D}.Release|Any CPU.Build.0 = Release|Any CPU
	EndGlobalSection
	GlobalSection(SolutionProperties) = preSolution
		HideSolutionNode = FALSE
	EndGlobalSection
	GlobalSection(ExtensibilityGlobals) = postSolution
		SolutionGuid = {F0A2781E-09CA-4985-952A-513445ECE2BE}
	EndGlobalSection
EndGlobal
